
Microsoft Visual Studio Solution File, Format Version 12.00
# Visual Studio Version 17
VisualStudioVersion = 17.7.34202.233
MinimumVisualStudioVersion = 10.0.40219.1
Project("{8BC9CEB8-8B4A-11D0-8D11-00A0C91BC942}") = "Rsharp", "rSharp.vcxproj", "{1EE5689F-F71E-49E1-874A-0DF63E174635}"
EndProject
Project("{9A19103F-16F7-4668-BE54-9A1E7A4F7556}") = "ClrFacade", "ClrFacade\ClrFacade.csproj", "{024B0C26-BED0-467D-B332-E9796B756133}"
EndProject
Project("{9A19103F-16F7-4668-BE54-9A1E7A4F7556}") = "rSharpTests", "rSharpTests\rSharpTests.csproj", "{D07290EB-5755-453C-8CD6-5CDDED3400BE}"
EndProject
Project("{9A19103F-16F7-4668-BE54-9A1E7A4F7556}") = "rSharp.Examples", "rSharp.Examples\rSharp.Examples.csproj", "{AAF1FD4F-0864-4ACF-BAC3-484C9739FE2C}"
EndProject
Project("{2150E333-8FDC-42A3-9474-1A3956D46DE8}") = "Tests", "Tests", "{09C37534-85C6-4F06-9CA9-D642788C9347}"
EndProject
Project("{9A19103F-16F7-4668-BE54-9A1E7A4F7556}") = "RDotNet", "R.NET\RDotNet.csproj", "{0923E1A0-2032-4997-AB73-49E42C4034A9}"
EndProject
Project("{9A19103F-16F7-4668-BE54-9A1E7A4F7556}") = "RDotNet.TestBase", "RDotNet.TestBase\RDotNet.TestBase.csproj", "{788D6B7B-C376-4C6C-906F-86FB2B34BCD2}"
EndProject
Project("{9A19103F-16F7-4668-BE54-9A1E7A4F7556}") = "RDotNet.Tests", "RDotNet.Tests\RDotNet.Tests.csproj", "{6C456A2E-FBB5-44DA-B0D2-FE76C49FCD06}"
EndProject
Project("{9A19103F-16F7-4668-BE54-9A1E7A4F7556}") = "DynamicInterop", "DynamicInterop\DynamicInterop.csproj", "{37E8DF32-0D37-418E-B976-10F4B36A0073}"
EndProject
Project("{9A19103F-16F7-4668-BE54-9A1E7A4F7556}") = "DynamicInterop.Tests", "DynamicInterop.Tests\DynamicInterop.Tests.csproj", "{CA934BF8-EC5B-49F5-8F52-25F3B11072E6}"
EndProject
Project("{9A19103F-16F7-4668-BE54-9A1E7A4F7556}") = "DynamicInterop.TestApp", "DynamicInterop.TestApp\DynamicInterop.TestApp.csproj", "{46208A0E-F95F-4B1E-A396-0F715BA6B87A}"
EndProject
Global
	GlobalSection(SolutionConfigurationPlatforms) = preSolution
		Debug|Any CPU = Debug|Any CPU
		Debug|x64 = Debug|x64
		Release|Any CPU = Release|Any CPU
		Release|x64 = Release|x64
		UnixDebug|Any CPU = UnixDebug|Any CPU
		UnixDebug|x64 = UnixDebug|x64
		UnixRelease|Any CPU = UnixRelease|Any CPU
		UnixRelease|x64 = UnixRelease|x64
	EndGlobalSection
	GlobalSection(ProjectConfigurationPlatforms) = postSolution
		{1EE5689F-F71E-49E1-874A-0DF63E174635}.Debug|Any CPU.ActiveCfg = Debug|x64
		{1EE5689F-F71E-49E1-874A-0DF63E174635}.Debug|Any CPU.Build.0 = Debug|x64
		{1EE5689F-F71E-49E1-874A-0DF63E174635}.Debug|x64.ActiveCfg = Debug|x64
		{1EE5689F-F71E-49E1-874A-0DF63E174635}.Debug|x64.Build.0 = Debug|x64
		{1EE5689F-F71E-49E1-874A-0DF63E174635}.Release|Any CPU.ActiveCfg = Release|x64
		{1EE5689F-F71E-49E1-874A-0DF63E174635}.Release|Any CPU.Build.0 = Release|x64
		{1EE5689F-F71E-49E1-874A-0DF63E174635}.Release|x64.ActiveCfg = Release|x64
		{1EE5689F-F71E-49E1-874A-0DF63E174635}.Release|x64.Build.0 = Release|x64
		{1EE5689F-F71E-49E1-874A-0DF63E174635}.UnixDebug|Any CPU.ActiveCfg = Debug|x64
		{1EE5689F-F71E-49E1-874A-0DF63E174635}.UnixDebug|Any CPU.Build.0 = Debug|x64
		{1EE5689F-F71E-49E1-874A-0DF63E174635}.UnixDebug|x64.ActiveCfg = Debug|x64
		{1EE5689F-F71E-49E1-874A-0DF63E174635}.UnixRelease|Any CPU.ActiveCfg = Release|x64
		{1EE5689F-F71E-49E1-874A-0DF63E174635}.UnixRelease|Any CPU.Build.0 = Release|x64
		{1EE5689F-F71E-49E1-874A-0DF63E174635}.UnixRelease|x64.ActiveCfg = Release|x64
		{024B0C26-BED0-467D-B332-E9796B756133}.Debug|Any CPU.ActiveCfg = Debug|Any CPU
		{024B0C26-BED0-467D-B332-E9796B756133}.Debug|Any CPU.Build.0 = Debug|Any CPU
		{024B0C26-BED0-467D-B332-E9796B756133}.Debug|x64.ActiveCfg = Debug|Any CPU
		{024B0C26-BED0-467D-B332-E9796B756133}.Debug|x64.Build.0 = Debug|Any CPU
		{024B0C26-BED0-467D-B332-E9796B756133}.Release|Any CPU.ActiveCfg = Release|Any CPU
		{024B0C26-BED0-467D-B332-E9796B756133}.Release|Any CPU.Build.0 = Release|Any CPU
		{024B0C26-BED0-467D-B332-E9796B756133}.Release|x64.ActiveCfg = Release|Any CPU
		{024B0C26-BED0-467D-B332-E9796B756133}.Release|x64.Build.0 = Release|Any CPU
		{024B0C26-BED0-467D-B332-E9796B756133}.UnixDebug|Any CPU.ActiveCfg = Debug|Any CPU
		{024B0C26-BED0-467D-B332-E9796B756133}.UnixDebug|Any CPU.Build.0 = Debug|Any CPU
		{024B0C26-BED0-467D-B332-E9796B756133}.UnixDebug|x64.ActiveCfg = Debug|Any CPU
		{024B0C26-BED0-467D-B332-E9796B756133}.UnixDebug|x64.Build.0 = Debug|Any CPU
		{024B0C26-BED0-467D-B332-E9796B756133}.UnixRelease|Any CPU.ActiveCfg = Release|Any CPU
		{024B0C26-BED0-467D-B332-E9796B756133}.UnixRelease|Any CPU.Build.0 = Release|Any CPU
		{024B0C26-BED0-467D-B332-E9796B756133}.UnixRelease|x64.ActiveCfg = Release|Any CPU
		{024B0C26-BED0-467D-B332-E9796B756133}.UnixRelease|x64.Build.0 = Release|Any CPU
		{D07290EB-5755-453C-8CD6-5CDDED3400BE}.Debug|Any CPU.ActiveCfg = Debug|Any CPU
		{D07290EB-5755-453C-8CD6-5CDDED3400BE}.Debug|Any CPU.Build.0 = Debug|Any CPU
		{D07290EB-5755-453C-8CD6-5CDDED3400BE}.Debug|x64.ActiveCfg = Debug|Any CPU
		{D07290EB-5755-453C-8CD6-5CDDED3400BE}.Debug|x64.Build.0 = Debug|Any CPU
		{D07290EB-5755-453C-8CD6-5CDDED3400BE}.Release|Any CPU.ActiveCfg = Release|Any CPU
		{D07290EB-5755-453C-8CD6-5CDDED3400BE}.Release|Any CPU.Build.0 = Release|Any CPU
		{D07290EB-5755-453C-8CD6-5CDDED3400BE}.Release|x64.ActiveCfg = Release|Any CPU
		{D07290EB-5755-453C-8CD6-5CDDED3400BE}.Release|x64.Build.0 = Release|Any CPU
		{D07290EB-5755-453C-8CD6-5CDDED3400BE}.UnixDebug|Any CPU.ActiveCfg = Debug|Any CPU
		{D07290EB-5755-453C-8CD6-5CDDED3400BE}.UnixDebug|Any CPU.Build.0 = Debug|Any CPU
		{D07290EB-5755-453C-8CD6-5CDDED3400BE}.UnixDebug|x64.ActiveCfg = Debug|Any CPU
		{D07290EB-5755-453C-8CD6-5CDDED3400BE}.UnixDebug|x64.Build.0 = Debug|Any CPU
		{D07290EB-5755-453C-8CD6-5CDDED3400BE}.UnixRelease|Any CPU.ActiveCfg = Release|Any CPU
		{D07290EB-5755-453C-8CD6-5CDDED3400BE}.UnixRelease|Any CPU.Build.0 = Release|Any CPU
		{D07290EB-5755-453C-8CD6-5CDDED3400BE}.UnixRelease|x64.ActiveCfg = Release|Any CPU
		{D07290EB-5755-453C-8CD6-5CDDED3400BE}.UnixRelease|x64.Build.0 = Release|Any CPU
		{AAF1FD4F-0864-4ACF-BAC3-484C9739FE2C}.Debug|Any CPU.ActiveCfg = Debug|Any CPU
		{AAF1FD4F-0864-4ACF-BAC3-484C9739FE2C}.Debug|Any CPU.Build.0 = Debug|Any CPU
		{AAF1FD4F-0864-4ACF-BAC3-484C9739FE2C}.Debug|x64.ActiveCfg = Debug|Any CPU
		{AAF1FD4F-0864-4ACF-BAC3-484C9739FE2C}.Debug|x64.Build.0 = Debug|Any CPU
		{AAF1FD4F-0864-4ACF-BAC3-484C9739FE2C}.Release|Any CPU.ActiveCfg = Release|Any CPU
		{AAF1FD4F-0864-4ACF-BAC3-484C9739FE2C}.Release|Any CPU.Build.0 = Release|Any CPU
		{AAF1FD4F-0864-4ACF-BAC3-484C9739FE2C}.Release|x64.ActiveCfg = Release|Any CPU
		{AAF1FD4F-0864-4ACF-BAC3-484C9739FE2C}.Release|x64.Build.0 = Release|Any CPU
		{AAF1FD4F-0864-4ACF-BAC3-484C9739FE2C}.UnixDebug|Any CPU.ActiveCfg = Debug|Any CPU
		{AAF1FD4F-0864-4ACF-BAC3-484C9739FE2C}.UnixDebug|Any CPU.Build.0 = Debug|Any CPU
		{AAF1FD4F-0864-4ACF-BAC3-484C9739FE2C}.UnixDebug|x64.ActiveCfg = Debug|Any CPU
		{AAF1FD4F-0864-4ACF-BAC3-484C9739FE2C}.UnixDebug|x64.Build.0 = Debug|Any CPU
		{AAF1FD4F-0864-4ACF-BAC3-484C9739FE2C}.UnixRelease|Any CPU.ActiveCfg = Release|Any CPU
		{AAF1FD4F-0864-4ACF-BAC3-484C9739FE2C}.UnixRelease|Any CPU.Build.0 = Release|Any CPU
		{AAF1FD4F-0864-4ACF-BAC3-484C9739FE2C}.UnixRelease|x64.ActiveCfg = Release|Any CPU
		{AAF1FD4F-0864-4ACF-BAC3-484C9739FE2C}.UnixRelease|x64.Build.0 = Release|Any CPU
		{0923E1A0-2032-4997-AB73-49E42C4034A9}.Debug|Any CPU.ActiveCfg = Debug|Any CPU
		{0923E1A0-2032-4997-AB73-49E42C4034A9}.Debug|Any CPU.Build.0 = Debug|Any CPU
		{0923E1A0-2032-4997-AB73-49E42C4034A9}.Debug|x64.ActiveCfg = Debug|Any CPU
		{0923E1A0-2032-4997-AB73-49E42C4034A9}.Debug|x64.Build.0 = Debug|Any CPU
		{0923E1A0-2032-4997-AB73-49E42C4034A9}.Release|Any CPU.ActiveCfg = Release|Any CPU
		{0923E1A0-2032-4997-AB73-49E42C4034A9}.Release|Any CPU.Build.0 = Release|Any CPU
		{0923E1A0-2032-4997-AB73-49E42C4034A9}.Release|x64.ActiveCfg = Release|Any CPU
		{0923E1A0-2032-4997-AB73-49E42C4034A9}.Release|x64.Build.0 = Release|Any CPU
		{0923E1A0-2032-4997-AB73-49E42C4034A9}.UnixDebug|Any CPU.ActiveCfg = Debug|Any CPU
		{0923E1A0-2032-4997-AB73-49E42C4034A9}.UnixDebug|Any CPU.Build.0 = Debug|Any CPU
		{0923E1A0-2032-4997-AB73-49E42C4034A9}.UnixDebug|x64.ActiveCfg = Debug|Any CPU
		{0923E1A0-2032-4997-AB73-49E42C4034A9}.UnixDebug|x64.Build.0 = Debug|Any CPU
		{0923E1A0-2032-4997-AB73-49E42C4034A9}.UnixRelease|Any CPU.ActiveCfg = Release|Any CPU
		{0923E1A0-2032-4997-AB73-49E42C4034A9}.UnixRelease|Any CPU.Build.0 = Release|Any CPU
		{0923E1A0-2032-4997-AB73-49E42C4034A9}.UnixRelease|x64.ActiveCfg = Release|Any CPU
		{0923E1A0-2032-4997-AB73-49E42C4034A9}.UnixRelease|x64.Build.0 = Release|Any CPU
		{788D6B7B-C376-4C6C-906F-86FB2B34BCD2}.Debug|Any CPU.ActiveCfg = Debug|Any CPU
		{788D6B7B-C376-4C6C-906F-86FB2B34BCD2}.Debug|Any CPU.Build.0 = Debug|Any CPU
		{788D6B7B-C376-4C6C-906F-86FB2B34BCD2}.Debug|x64.ActiveCfg = Debug|Any CPU
		{788D6B7B-C376-4C6C-906F-86FB2B34BCD2}.Debug|x64.Build.0 = Debug|Any CPU
		{788D6B7B-C376-4C6C-906F-86FB2B34BCD2}.Release|Any CPU.ActiveCfg = Release|Any CPU
		{788D6B7B-C376-4C6C-906F-86FB2B34BCD2}.Release|Any CPU.Build.0 = Release|Any CPU
		{788D6B7B-C376-4C6C-906F-86FB2B34BCD2}.Release|x64.ActiveCfg = Release|Any CPU
		{788D6B7B-C376-4C6C-906F-86FB2B34BCD2}.Release|x64.Build.0 = Release|Any CPU
		{788D6B7B-C376-4C6C-906F-86FB2B34BCD2}.UnixDebug|Any CPU.ActiveCfg = Debug|Any CPU
		{788D6B7B-C376-4C6C-906F-86FB2B34BCD2}.UnixDebug|Any CPU.Build.0 = Debug|Any CPU
		{788D6B7B-C376-4C6C-906F-86FB2B34BCD2}.UnixDebug|x64.ActiveCfg = Debug|Any CPU
		{788D6B7B-C376-4C6C-906F-86FB2B34BCD2}.UnixDebug|x64.Build.0 = Debug|Any CPU
		{788D6B7B-C376-4C6C-906F-86FB2B34BCD2}.UnixRelease|Any CPU.ActiveCfg = Release|Any CPU
		{788D6B7B-C376-4C6C-906F-86FB2B34BCD2}.UnixRelease|Any CPU.Build.0 = Release|Any CPU
		{788D6B7B-C376-4C6C-906F-86FB2B34BCD2}.UnixRelease|x64.ActiveCfg = Release|Any CPU
		{788D6B7B-C376-4C6C-906F-86FB2B34BCD2}.UnixRelease|x64.Build.0 = Release|Any CPU
		{6C456A2E-FBB5-44DA-B0D2-FE76C49FCD06}.Debug|Any CPU.ActiveCfg = Debug|Any CPU
		{6C456A2E-FBB5-44DA-B0D2-FE76C49FCD06}.Debug|Any CPU.Build.0 = Debug|Any CPU
		{6C456A2E-FBB5-44DA-B0D2-FE76C49FCD06}.Debug|x64.ActiveCfg = Debug|Any CPU
		{6C456A2E-FBB5-44DA-B0D2-FE76C49FCD06}.Debug|x64.Build.0 = Debug|Any CPU
		{6C456A2E-FBB5-44DA-B0D2-FE76C49FCD06}.Release|Any CPU.ActiveCfg = Release|Any CPU
		{6C456A2E-FBB5-44DA-B0D2-FE76C49FCD06}.Release|Any CPU.Build.0 = Release|Any CPU
		{6C456A2E-FBB5-44DA-B0D2-FE76C49FCD06}.Release|x64.ActiveCfg = Release|Any CPU
		{6C456A2E-FBB5-44DA-B0D2-FE76C49FCD06}.Release|x64.Build.0 = Release|Any CPU
		{6C456A2E-FBB5-44DA-B0D2-FE76C49FCD06}.UnixDebug|Any CPU.ActiveCfg = Debug|Any CPU
		{6C456A2E-FBB5-44DA-B0D2-FE76C49FCD06}.UnixDebug|Any CPU.Build.0 = Debug|Any CPU
		{6C456A2E-FBB5-44DA-B0D2-FE76C49FCD06}.UnixDebug|x64.ActiveCfg = Debug|Any CPU
		{6C456A2E-FBB5-44DA-B0D2-FE76C49FCD06}.UnixDebug|x64.Build.0 = Debug|Any CPU
		{6C456A2E-FBB5-44DA-B0D2-FE76C49FCD06}.UnixRelease|Any CPU.ActiveCfg = Release|Any CPU
		{6C456A2E-FBB5-44DA-B0D2-FE76C49FCD06}.UnixRelease|Any CPU.Build.0 = Release|Any CPU
		{6C456A2E-FBB5-44DA-B0D2-FE76C49FCD06}.UnixRelease|x64.ActiveCfg = Release|Any CPU
		{6C456A2E-FBB5-44DA-B0D2-FE76C49FCD06}.UnixRelease|x64.Build.0 = Release|Any CPU
		{37E8DF32-0D37-418E-B976-10F4B36A0073}.Debug|Any CPU.ActiveCfg = Debug|Any CPU
		{37E8DF32-0D37-418E-B976-10F4B36A0073}.Debug|Any CPU.Build.0 = Debug|Any CPU
		{37E8DF32-0D37-418E-B976-10F4B36A0073}.Debug|x64.ActiveCfg = Debug|Any CPU
		{37E8DF32-0D37-418E-B976-10F4B36A0073}.Debug|x64.Build.0 = Debug|Any CPU
		{37E8DF32-0D37-418E-B976-10F4B36A0073}.Release|Any CPU.ActiveCfg = Release|Any CPU
		{37E8DF32-0D37-418E-B976-10F4B36A0073}.Release|Any CPU.Build.0 = Release|Any CPU
		{37E8DF32-0D37-418E-B976-10F4B36A0073}.Release|x64.ActiveCfg = Release|Any CPU
		{37E8DF32-0D37-418E-B976-10F4B36A0073}.Release|x64.Build.0 = Release|Any CPU
		{37E8DF32-0D37-418E-B976-10F4B36A0073}.UnixDebug|Any CPU.ActiveCfg = Debug|Any CPU
		{37E8DF32-0D37-418E-B976-10F4B36A0073}.UnixDebug|Any CPU.Build.0 = Debug|Any CPU
		{37E8DF32-0D37-418E-B976-10F4B36A0073}.UnixDebug|x64.ActiveCfg = Debug|Any CPU
		{37E8DF32-0D37-418E-B976-10F4B36A0073}.UnixDebug|x64.Build.0 = Debug|Any CPU
		{37E8DF32-0D37-418E-B976-10F4B36A0073}.UnixRelease|Any CPU.ActiveCfg = Release|Any CPU
		{37E8DF32-0D37-418E-B976-10F4B36A0073}.UnixRelease|Any CPU.Build.0 = Release|Any CPU
		{37E8DF32-0D37-418E-B976-10F4B36A0073}.UnixRelease|x64.ActiveCfg = Release|Any CPU
		{37E8DF32-0D37-418E-B976-10F4B36A0073}.UnixRelease|x64.Build.0 = Release|Any CPU
		{CA934BF8-EC5B-49F5-8F52-25F3B11072E6}.Debug|Any CPU.ActiveCfg = Debug|Any CPU
		{CA934BF8-EC5B-49F5-8F52-25F3B11072E6}.Debug|Any CPU.Build.0 = Debug|Any CPU
		{CA934BF8-EC5B-49F5-8F52-25F3B11072E6}.Debug|x64.ActiveCfg = Debug|Any CPU
		{CA934BF8-EC5B-49F5-8F52-25F3B11072E6}.Debug|x64.Build.0 = Debug|Any CPU
		{CA934BF8-EC5B-49F5-8F52-25F3B11072E6}.Release|Any CPU.ActiveCfg = Release|Any CPU
		{CA934BF8-EC5B-49F5-8F52-25F3B11072E6}.Release|Any CPU.Build.0 = Release|Any CPU
		{CA934BF8-EC5B-49F5-8F52-25F3B11072E6}.Release|x64.ActiveCfg = Release|Any CPU
		{CA934BF8-EC5B-49F5-8F52-25F3B11072E6}.Release|x64.Build.0 = Release|Any CPU
		{CA934BF8-EC5B-49F5-8F52-25F3B11072E6}.UnixDebug|Any CPU.ActiveCfg = Debug|Any CPU
		{CA934BF8-EC5B-49F5-8F52-25F3B11072E6}.UnixDebug|Any CPU.Build.0 = Debug|Any CPU
		{CA934BF8-EC5B-49F5-8F52-25F3B11072E6}.UnixDebug|x64.ActiveCfg = Debug|Any CPU
		{CA934BF8-EC5B-49F5-8F52-25F3B11072E6}.UnixDebug|x64.Build.0 = Debug|Any CPU
		{CA934BF8-EC5B-49F5-8F52-25F3B11072E6}.UnixRelease|Any CPU.ActiveCfg = Release|Any CPU
		{CA934BF8-EC5B-49F5-8F52-25F3B11072E6}.UnixRelease|Any CPU.Build.0 = Release|Any CPU
		{CA934BF8-EC5B-49F5-8F52-25F3B11072E6}.UnixRelease|x64.ActiveCfg = Release|Any CPU
		{CA934BF8-EC5B-49F5-8F52-25F3B11072E6}.UnixRelease|x64.Build.0 = Release|Any CPU
		{46208A0E-F95F-4B1E-A396-0F715BA6B87A}.Debug|Any CPU.ActiveCfg = Debug|Any CPU
		{46208A0E-F95F-4B1E-A396-0F715BA6B87A}.Debug|Any CPU.Build.0 = Debug|Any CPU
		{46208A0E-F95F-4B1E-A396-0F715BA6B87A}.Debug|x64.ActiveCfg = Debug|Any CPU
		{46208A0E-F95F-4B1E-A396-0F715BA6B87A}.Debug|x64.Build.0 = Debug|Any CPU
		{46208A0E-F95F-4B1E-A396-0F715BA6B87A}.Release|Any CPU.ActiveCfg = Release|Any CPU
		{46208A0E-F95F-4B1E-A396-0F715BA6B87A}.Release|Any CPU.Build.0 = Release|Any CPU
		{46208A0E-F95F-4B1E-A396-0F715BA6B87A}.Release|x64.ActiveCfg = Release|Any CPU
		{46208A0E-F95F-4B1E-A396-0F715BA6B87A}.Release|x64.Build.0 = Release|Any CPU
		{46208A0E-F95F-4B1E-A396-0F715BA6B87A}.UnixDebug|Any CPU.ActiveCfg = Debug|Any CPU
		{46208A0E-F95F-4B1E-A396-0F715BA6B87A}.UnixDebug|Any CPU.Build.0 = Debug|Any CPU
		{46208A0E-F95F-4B1E-A396-0F715BA6B87A}.UnixDebug|x64.ActiveCfg = Debug|Any CPU
		{46208A0E-F95F-4B1E-A396-0F715BA6B87A}.UnixDebug|x64.Build.0 = Debug|Any CPU
		{46208A0E-F95F-4B1E-A396-0F715BA6B87A}.UnixRelease|Any CPU.ActiveCfg = Release|Any CPU
		{46208A0E-F95F-4B1E-A396-0F715BA6B87A}.UnixRelease|Any CPU.Build.0 = Release|Any CPU
		{46208A0E-F95F-4B1E-A396-0F715BA6B87A}.UnixRelease|x64.ActiveCfg = Release|Any CPU
		{46208A0E-F95F-4B1E-A396-0F715BA6B87A}.UnixRelease|x64.Build.0 = Release|Any CPU
	EndGlobalSection
	GlobalSection(SolutionProperties) = preSolution
		HideSolutionNode = FALSE
	EndGlobalSection
	GlobalSection(NestedProjects) = preSolution
		{D07290EB-5755-453C-8CD6-5CDDED3400BE} = {09C37534-85C6-4F06-9CA9-D642788C9347}
		{788D6B7B-C376-4C6C-906F-86FB2B34BCD2} = {09C37534-85C6-4F06-9CA9-D642788C9347}
		{6C456A2E-FBB5-44DA-B0D2-FE76C49FCD06} = {09C37534-85C6-4F06-9CA9-D642788C9347}
		{CA934BF8-EC5B-49F5-8F52-25F3B11072E6} = {09C37534-85C6-4F06-9CA9-D642788C9347}
		{46208A0E-F95F-4B1E-A396-0F715BA6B87A} = {09C37534-85C6-4F06-9CA9-D642788C9347}
	EndGlobalSection
	GlobalSection(ExtensibilityGlobals) = postSolution
		SolutionGuid = {9A1B5065-A75F-49C6-B03D-D00CBD8E2C54}
	EndGlobalSection
EndGlobal
